// !$*UTF8*$!
{
	archiveVersion = 1;
	classes = {
	};
	objectVersion = 50;
	objects = {

/* Begin PBXBuildFile section */
		C512F4B1266BF6E20098FCB9 /* AppDelegate.swift in Sources */ = {isa = PBXBuildFile; fileRef = C512F4B0266BF6E20098FCB9 /* AppDelegate.swift */; };
		C512F4B3266BF6E20098FCB9 /* SceneDelegate.swift in Sources */ = {isa = PBXBuildFile; fileRef = C512F4B2266BF6E20098FCB9 /* SceneDelegate.swift */; };
		C512F4B5266BF6E30098FCB9 /* ViewController.swift in Sources */ = {isa = PBXBuildFile; fileRef = C512F4B4266BF6E20098FCB9 /* ViewController.swift */; };
		C512F4B8266BF6E30098FCB9 /* Main.storyboard in Resources */ = {isa = PBXBuildFile; fileRef = C512F4B6266BF6E30098FCB9 /* Main.storyboard */; };
		C512F4BA266BF6E30098FCB9 /* Assets.xcassets in Resources */ = {isa = PBXBuildFile; fileRef = C512F4B9266BF6E30098FCB9 /* Assets.xcassets */; };
		C512F4BD266BF6E30098FCB9 /* LaunchScreen.storyboard in Resources */ = {isa = PBXBuildFile; fileRef = C512F4BB266BF6E30098FCB9 /* LaunchScreen.storyboard */; };
		C512F4C8266BF6E40098FCB9 /* tipcalculatorTests.swift in Sources */ = {isa = PBXBuildFile; fileRef = C512F4C7266BF6E40098FCB9 /* tipcalculatorTests.swift */; };
		C512F4D3266BF6E40098FCB9 /* tipcalculatorUITests.swift in Sources */ = {isa = PBXBuildFile; fileRef = C512F4D2266BF6E40098FCB9 /* tipcalculatorUITests.swift */; };
/* End PBXBuildFile section */

/* Begin PBXContainerItemProxy section */
		C512F4C4266BF6E40098FCB9 /* PBXContainerItemProxy */ = {
			isa = PBXContainerItemProxy;
			containerPortal = C512F4A5266BF6E20098FCB9 /* Project object */;
			proxyType = 1;
			remoteGlobalIDString = C512F4AC266BF6E20098FCB9;
			remoteInfo = tipcalculator;
		};
		C512F4CF266BF6E40098FCB9 /* PBXContainerItemProxy */ = {
			isa = PBXContainerItemProxy;
			containerPortal = C512F4A5266BF6E20098FCB9 /* Project object */;
			proxyType = 1;
			remoteGlobalIDString = C512F4AC266BF6E20098FCB9;
			remoteInfo = tipcalculator;
		};
/* End PBXContainerItemProxy section */

/* Begin PBXFileReference section */
		C512F4AD266BF6E20098FCB9 /* tipcalculator.app */ = {isa = PBXFileReference; explicitFileType = wrapper.application; includeInIndex = 0; path = tipcalculator.app; sourceTree = BUILT_PRODUCTS_DIR; };
		C512F4B0266BF6E20098FCB9 /* AppDelegate.swift */ = {isa = PBXFileReference; lastKnownFileType = sourcecode.swift; path = AppDelegate.swift; sourceTree = "<group>"; };
		C512F4B2266BF6E20098FCB9 /* SceneDelegate.swift */ = {isa = PBXFileReference; lastKnownFileType = sourcecode.swift; path = SceneDelegate.swift; sourceTree = "<group>"; };
		C512F4B4266BF6E20098FCB9 /* ViewController.swift */ = {isa = PBXFileReference; lastKnownFileType = sourcecode.swift; path = ViewController.swift; sourceTree = "<group>"; };
		C512F4B7266BF6E30098FCB9 /* Base */ = {isa = PBXFileReference; lastKnownFileType = file.storyboard; name = Base; path = Base.lproj/Main.storyboard; sourceTree = "<group>"; };
		C512F4B9266BF6E30098FCB9 /* Assets.xcassets */ = {isa = PBXFileReference; lastKnownFileType = folder.assetcatalog; path = Assets.xcassets; sourceTree = "<group>"; };
		C512F4BC266BF6E30098FCB9 /* Base */ = {isa = PBXFileReference; lastKnownFileType = file.storyboard; name = Base; path = Base.lproj/LaunchScreen.storyboard; sourceTree = "<group>"; };
		C512F4BE266BF6E30098FCB9 /* Info.plist */ = {isa = PBXFileReference; lastKnownFileType = text.plist.xml; path = Info.plist; sourceTree = "<group>"; };
		C512F4C3266BF6E40098FCB9 /* tipcalculatorTests.xctest */ = {isa = PBXFileReference; explicitFileType = wrapper.cfbundle; includeInIndex = 0; path = tipcalculatorTests.xctest; sourceTree = BUILT_PRODUCTS_DIR; };
		C512F4C7266BF6E40098FCB9 /* tipcalculatorTests.swift */ = {isa = PBXFileReference; lastKnownFileType = sourcecode.swift; path = tipcalculatorTests.swift; sourceTree = "<group>"; };
		C512F4C9266BF6E40098FCB9 /* Info.plist */ = {isa = PBXFileReference; lastKnownFileType = text.plist.xml; path = Info.plist; sourceTree = "<group>"; };
		C512F4CE266BF6E40098FCB9 /* tipcalculatorUITests.xctest */ = {isa = PBXFileReference; explicitFileType = wrapper.cfbundle; includeInIndex = 0; path = tipcalculatorUITests.xctest; sourceTree = BUILT_PRODUCTS_DIR; };
		C512F4D2266BF6E40098FCB9 /* tipcalculatorUITests.swift */ = {isa = PBXFileReference; lastKnownFileType = sourcecode.swift; path = tipcalculatorUITests.swift; sourceTree = "<group>"; };
		C512F4D4266BF6E40098FCB9 /* Info.plist */ = {isa = PBXFileReference; lastKnownFileType = text.plist.xml; path = Info.plist; sourceTree = "<group>"; };
/* End PBXFileReference section */

/* Begin PBXFrameworksBuildPhase section */
		C512F4AA266BF6E20098FCB9 /* Frameworks */ = {
			isa = PBXFrameworksBuildPhase;
			buildActionMask = 2147483647;
			files = (
			);
			runOnlyForDeploymentPostprocessing = 0;
		};
		C512F4C0266BF6E40098FCB9 /* Frameworks */ = {
			isa = PBXFrameworksBuildPhase;
			buildActionMask = 2147483647;
			files = (
			);
			runOnlyForDeploymentPostprocessing = 0;
		};
		C512F4CB266BF6E40098FCB9 /* Frameworks */ = {
			isa = PBXFrameworksBuildPhase;
			buildActionMask = 2147483647;
			files = (
			);
			runOnlyForDeploymentPostprocessing = 0;
		};
/* End PBXFrameworksBuildPhase section */

/* Begin PBXGroup section */
		C512F4A4266BF6E20098FCB9 = {
			isa = PBXGroup;
			children = (
				C512F4AF266BF6E20098FCB9 /* tipcalculator */,
				C512F4C6266BF6E40098FCB9 /* tipcalculatorTests */,
				C512F4D1266BF6E40098FCB9 /* tipcalculatorUITests */,
				C512F4AE266BF6E20098FCB9 /* Products */,
			);
			sourceTree = "<group>";
		};
		C512F4AE266BF6E20098FCB9 /* Products */ = {
			isa = PBXGroup;
			children = (
				C512F4AD266BF6E20098FCB9 /* tipcalculator.app */,
				C512F4C3266BF6E40098FCB9 /* tipcalculatorTests.xctest */,
				C512F4CE266BF6E40098FCB9 /* tipcalculatorUITests.xctest */,
			);
			name = Products;
			sourceTree = "<group>";
		};
		C512F4AF266BF6E20098FCB9 /* tipcalculator */ = {
			isa = PBXGroup;
			children = (
				C512F4B0266BF6E20098FCB9 /* AppDelegate.swift */,
				C512F4B2266BF6E20098FCB9 /* SceneDelegate.swift */,
				C512F4B4266BF6E20098FCB9 /* ViewController.swift */,
				C512F4B6266BF6E30098FCB9 /* Main.storyboard */,
				C512F4B9266BF6E30098FCB9 /* Assets.xcassets */,
				C512F4BB266BF6E30098FCB9 /* LaunchScreen.storyboard */,
				C512F4BE266BF6E30098FCB9 /* Info.plist */,
			);
			path = tipcalculator;
			sourceTree = "<group>";
		};
		C512F4C6266BF6E40098FCB9 /* tipcalculatorTests */ = {
			isa = PBXGroup;
			children = (
				C512F4C7266BF6E40098FCB9 /* tipcalculatorTests.swift */,
				C512F4C9266BF6E40098FCB9 /* Info.plist */,
			);
			path = tipcalculatorTests;
			sourceTree = "<group>";
		};
		C512F4D1266BF6E40098FCB9 /* tipcalculatorUITests */ = {
			isa = PBXGroup;
			children = (
				C512F4D2266BF6E40098FCB9 /* tipcalculatorUITests.swift */,
				C512F4D4266BF6E40098FCB9 /* Info.plist */,
			);
			path = tipcalculatorUITests;
			sourceTree = "<group>";
		};
/* End PBXGroup section */

/* Begin PBXNativeTarget section */
		C512F4AC266BF6E20098FCB9 /* tipcalculator */ = {
			isa = PBXNativeTarget;
			buildConfigurationList = C512F4D7266BF6E40098FCB9 /* Build configuration list for PBXNativeTarget "tipcalculator" */;
			buildPhases = (
				C512F4A9266BF6E20098FCB9 /* Sources */,
				C512F4AA266BF6E20098FCB9 /* Frameworks */,
				C512F4AB266BF6E20098FCB9 /* Resources */,
			);
			buildRules = (
			);
			dependencies = (
			);
			name = tipcalculator;
			productName = tipcalculator;
			productReference = C512F4AD266BF6E20098FCB9 /* tipcalculator.app */;
			productType = "com.apple.product-type.application";
		};
		C512F4C2266BF6E40098FCB9 /* tipcalculatorTests */ = {
			isa = PBXNativeTarget;
			buildConfigurationList = C512F4DA266BF6E40098FCB9 /* Build configuration list for PBXNativeTarget "tipcalculatorTests" */;
			buildPhases = (
				C512F4BF266BF6E40098FCB9 /* Sources */,
				C512F4C0266BF6E40098FCB9 /* Frameworks */,
				C512F4C1266BF6E40098FCB9 /* Resources */,
			);
			buildRules = (
			);
			dependencies = (
				C512F4C5266BF6E40098FCB9 /* PBXTargetDependency */,
			);
			name = tipcalculatorTests;
			productName = tipcalculatorTests;
			productReference = C512F4C3266BF6E40098FCB9 /* tipcalculatorTests.xctest */;
			productType = "com.apple.product-type.bundle.unit-test";
		};
		C512F4CD266BF6E40098FCB9 /* tipcalculatorUITests */ = {
			isa = PBXNativeTarget;
			buildConfigurationList = C512F4DD266BF6E40098FCB9 /* Build configuration list for PBXNativeTarget "tipcalculatorUITests" */;
			buildPhases = (
				C512F4CA266BF6E40098FCB9 /* Sources */,
				C512F4CB266BF6E40098FCB9 /* Frameworks */,
				C512F4CC266BF6E40098FCB9 /* Resources */,
			);
			buildRules = (
			);
			dependencies = (
				C512F4D0266BF6E40098FCB9 /* PBXTargetDependency */,
			);
			name = tipcalculatorUITests;
			productName = tipcalculatorUITests;
			productReference = C512F4CE266BF6E40098FCB9 /* tipcalculatorUITests.xctest */;
			productType = "com.apple.product-type.bundle.ui-testing";
		};
/* End PBXNativeTarget section */

/* Begin PBXProject section */
		C512F4A5266BF6E20098FCB9 /* Project object */ = {
			isa = PBXProject;
			attributes = {
				LastSwiftUpdateCheck = 1230;
				LastUpgradeCheck = 1230;
				TargetAttributes = {
					C512F4AC266BF6E20098FCB9 = {
						CreatedOnToolsVersion = 12.3;
					};
					C512F4C2266BF6E40098FCB9 = {
						CreatedOnToolsVersion = 12.3;
						TestTargetID = C512F4AC266BF6E20098FCB9;
					};
					C512F4CD266BF6E40098FCB9 = {
						CreatedOnToolsVersion = 12.3;
						TestTargetID = C512F4AC266BF6E20098FCB9;
					};
				};
			};
			buildConfigurationList = C512F4A8266BF6E20098FCB9 /* Build configuration list for PBXProject "tipcalculator" */;
			compatibilityVersion = "Xcode 9.3";
			developmentRegion = en;
			hasScannedForEncodings = 0;
			knownRegions = (
				en,
				Base,
			);
			mainGroup = C512F4A4266BF6E20098FCB9;
			productRefGroup = C512F4AE266BF6E20098FCB9 /* Products */;
			projectDirPath = "";
			projectRoot = "";
			targets = (
				C512F4AC266BF6E20098FCB9 /* tipcalculator */,
				C512F4C2266BF6E40098FCB9 /* tipcalculatorTests */,
				C512F4CD266BF6E40098FCB9 /* tipcalculatorUITests */,
			);
		};
/* End PBXProject section */

/* Begin PBXResourcesBuildPhase section */
		C512F4AB266BF6E20098FCB9 /* Resources */ = {
			isa = PBXResourcesBuildPhase;
			buildActionMask = 2147483647;
			files = (
				C512F4BD266BF6E30098FCB9 /* LaunchScreen.storyboard in Resources */,
				C512F4BA266BF6E30098FCB9 /* Assets.xcassets in Resources */,
				C512F4B8266BF6E30098FCB9 /* Main.storyboard in Resources */,
			);
			runOnlyForDeploymentPostprocessing = 0;
		};
		C512F4C1266BF6E40098FCB9 /* Resources */ = {
			isa = PBXResourcesBuildPhase;
			buildActionMask = 2147483647;
			files = (
			);
			runOnlyForDeploymentPostprocessing = 0;
		};
		C512F4CC266BF6E40098FCB9 /* Resources */ = {
			isa = PBXResourcesBuildPhase;
			buildActionMask = 2147483647;
			files = (
			);
			runOnlyForDeploymentPostprocessing = 0;
		};
/* End PBXResourcesBuildPhase section */

/* Begin PBXSourcesBuildPhase section */
		C512F4A9266BF6E20098FCB9 /* Sources */ = {
			isa = PBXSourcesBuildPhase;
			buildActionMask = 2147483647;
			files = (
				C512F4B5266BF6E30098FCB9 /* ViewController.swift in Sources */,
				C512F4B1266BF6E20098FCB9 /* AppDelegate.swift in Sources */,
				C512F4B3266BF6E20098FCB9 /* SceneDelegate.swift in Sources */,
			);
			runOnlyForDeploymentPostprocessing = 0;
		};
		C512F4BF266BF6E40098FCB9 /* Sources */ = {
			isa = PBXSourcesBuildPhase;
			buildActionMask = 2147483647;
			files = (
				C512F4C8266BF6E40098FCB9 /* tipcalculatorTests.swift in Sources */,
			);
			runOnlyForDeploymentPostprocessing = 0;
		};
		C512F4CA266BF6E40098FCB9 /* Sources */ = {
			isa = PBXSourcesBuildPhase;
			buildActionMask = 2147483647;
			files = (
				C512F4D3266BF6E40098FCB9 /* tipcalculatorUITests.swift in Sources */,
			);
			runOnlyForDeploymentPostprocessing = 0;
		};
/* End PBXSourcesBuildPhase section */

/* Begin PBXTargetDependency section */
		C512F4C5266BF6E40098FCB9 /* PBXTargetDependency */ = {
			isa = PBXTargetDependency;
			target = C512F4AC266BF6E20098FCB9 /* tipcalculator */;
			targetProxy = C512F4C4266BF6E40098FCB9 /* PBXContainerItemProxy */;
		};
		C512F4D0266BF6E40098FCB9 /* PBXTargetDependency */ = {
			isa = PBXTargetDependency;
			target = C512F4AC266BF6E20098FCB9 /* tipcalculator */;
			targetProxy = C512F4CF266BF6E40098FCB9 /* PBXContainerItemProxy */;
		};
/* End PBXTargetDependency section */

/* Begin PBXVariantGroup section */
		C512F4B6266BF6E30098FCB9 /* Main.storyboard */ = {
			isa = PBXVariantGroup;
			children = (
				C512F4B7266BF6E30098FCB9 /* Base */,
			);
			name = Main.storyboard;
			sourceTree = "<group>";
		};
		C512F4BB266BF6E30098FCB9 /* LaunchScreen.storyboard */ = {
			isa = PBXVariantGroup;
			children = (
				C512F4BC266BF6E30098FCB9 /* Base */,
			);
			name = LaunchScreen.storyboard;
			sourceTree = "<group>";
		};
/* End PBXVariantGroup section */

/* Begin XCBuildConfiguration section */
		C512F4D5266BF6E40098FCB9 /* Debug */ = {
			isa = XCBuildConfiguration;
			buildSettings = {
				ALWAYS_SEARCH_USER_PATHS = NO;
				CLANG_ANALYZER_NONNULL = YES;
				CLANG_ANALYZER_NUMBER_OBJECT_CONVERSION = YES_AGGRESSIVE;
				CLANG_CXX_LANGUAGE_STANDARD = "gnu++14";
				CLANG_CXX_LIBRARY = "libc++";
				CLANG_ENABLE_MODULES = YES;
				CLANG_ENABLE_OBJC_ARC = YES;
				CLANG_ENABLE_OBJC_WEAK = YES;
				CLANG_WARN_BLOCK_CAPTURE_AUTORELEASING = YES;
				CLANG_WARN_BOOL_CONVERSION = YES;
				CLANG_WARN_COMMA = YES;
				CLANG_WARN_CONSTANT_CONVERSION = YES;
				CLANG_WARN_DEPRECATED_OBJC_IMPLEMENTATIONS = YES;
				CLANG_WARN_DIRECT_OBJC_ISA_USAGE = YES_ERROR;
				CLANG_WARN_DOCUMENTATION_COMMENTS = YES;
				CLANG_WARN_EMPTY_BODY = YES;
				CLANG_WARN_ENUM_CONVERSION = YES;
				CLANG_WARN_INFINITE_RECURSION = YES;
				CLANG_WARN_INT_CONVERSION = YES;
				CLANG_WARN_NON_LITERAL_NULL_CONVERSION = YES;
				CLANG_WARN_OBJC_IMPLICIT_RETAIN_SELF = YES;
				CLANG_WARN_OBJC_LITERAL_CONVERSION = YES;
				CLANG_WARN_OBJC_ROOT_CLASS = YES_ERROR;
				CLANG_WARN_QUOTED_INCLUDE_IN_FRAMEWORK_HEADER = YES;
				CLANG_WARN_RANGE_LOOP_ANALYSIS = YES;
				CLANG_WARN_STRICT_PROTOTYPES = YES;
				CLANG_WARN_SUSPICIOUS_MOVE = YES;
				CLANG_WARN_UNGUARDED_AVAILABILITY = YES_AGGRESSIVE;
				CLANG_WARN_UNREACHABLE_CODE = YES;
				CLANG_WARN__DUPLICATE_METHOD_MATCH = YES;
				COPY_PHASE_STRIP = NO;
				DEBUG_INFORMATION_FORMAT = dwarf;
				ENABLE_STRICT_OBJC_MSGSEND = YES;
				ENABLE_TESTABILITY = YES;
				GCC_C_LANGUAGE_STANDARD = gnu11;
				GCC_DYNAMIC_NO_PIC = NO;
				GCC_NO_COMMON_BLOCKS = YES;
				GCC_OPTIMIZATION_LEVEL = 0;
				GCC_PREPROCESSOR_DEFINITIONS = (
					"DEBUG=1",
					"$(inherited)",
				);
				GCC_WARN_64_TO_32_BIT_CONVERSION = YES;
				GCC_WARN_ABOUT_RETURN_TYPE = YES_ERROR;
				GCC_WARN_UNDECLARED_SELECTOR = YES;
				GCC_WARN_UNINITIALIZED_AUTOS = YES_AGGRESSIVE;
				GCC_WARN_UNUSED_FUNCTION = YES;
				GCC_WARN_UNUSED_VARIABLE = YES;
				IPHONEOS_DEPLOYMENT_TARGET = 14.3;
				MTL_ENABLE_DEBUG_INFO = INCLUDE_SOURCE;
				MTL_FAST_MATH = YES;
				ONLY_ACTIVE_ARCH = YES;
				SDKROOT = iphoneos;
				SWIFT_ACTIVE_COMPILATION_CONDITIONS = DEBUG;
				SWIFT_OPTIMIZATION_LEVEL = "-Onone";
			};
			name = Debug;
		};
		C512F4D6266BF6E40098FCB9 /* Release */ = {
			isa = XCBuildConfiguration;
			buildSettings = {
				ALWAYS_SEARCH_USER_PATHS = NO;
				CLANG_ANALYZER_NONNULL = YES;
				CLANG_ANALYZER_NUMBER_OBJECT_CONVERSION = YES_AGGRESSIVE;
				CLANG_CXX_LANGUAGE_STANDARD = "gnu++14";
				CLANG_CXX_LIBRARY = "libc++";
				CLANG_ENABLE_MODULES = YES;
				CLANG_ENABLE_OBJC_ARC = YES;
				CLANG_ENABLE_OBJC_WEAK = YES;
				CLANG_WARN_BLOCK_CAPTURE_AUTORELEASING = YES;
				CLANG_WARN_BOOL_CONVERSION = YES;
				CLANG_WARN_COMMA = YES;
				CLANG_WARN_CONSTANT_CONVERSION = YES;
				CLANG_WARN_DEPRECATED_OBJC_IMPLEMENTATIONS = YES;
				CLANG_WARN_DIRECT_OBJC_ISA_USAGE = YES_ERROR;
				CLANG_WARN_DOCUMENTATION_COMMENTS = YES;
				CLANG_WARN_EMPTY_BODY = YES;
				CLANG_WARN_ENUM_CONVERSION = YES;
				CLANG_WARN_INFINITE_RECURSION = YES;
				CLANG_WARN_INT_CONVERSION = YES;
				CLANG_WARN_NON_LITERAL_NULL_CONVERSION = YES;
				CLANG_WARN_OBJC_IMPLICIT_RETAIN_SELF = YES;
				CLANG_WARN_OBJC_LITERAL_CONVERSION = YES;
				CLANG_WARN_OBJC_ROOT_CLASS = YES_ERROR;
				CLANG_WARN_QUOTED_INCLUDE_IN_FRAMEWORK_HEADER = YES;
				CLANG_WARN_RANGE_LOOP_ANALYSIS = YES;
				CLANG_WARN_STRICT_PROTOTYPES = YES;
				CLANG_WARN_SUSPICIOUS_MOVE = YES;
				CLANG_WARN_UNGUARDED_AVAILABILITY = YES_AGGRESSIVE;
				CLANG_WARN_UNREACHABLE_CODE = YES;
				CLANG_WARN__DUPLICATE_METHOD_MATCH = YES;
				COPY_PHASE_STRIP = NO;
				DEBUG_INFORMATION_FORMAT = "dwarf-with-dsym";
				ENABLE_NS_ASSERTIONS = NO;
				ENABLE_STRICT_OBJC_MSGSEND = YES;
				GCC_C_LANGUAGE_STANDARD = gnu11;
				GCC_NO_COMMON_BLOCKS = YES;
				GCC_WARN_64_TO_32_BIT_CONVERSION = YES;
				GCC_WARN_ABOUT_RETURN_TYPE = YES_ERROR;
				GCC_WARN_UNDECLARED_SELECTOR = YES;
				GCC_WARN_UNINITIALIZED_AUTOS = YES_AGGRESSIVE;
				GCC_WARN_UNUSED_FUNCTION = YES;
				GCC_WARN_UNUSED_VARIABLE = YES;
				IPHONEOS_DEPLOYMENT_TARGET = 14.3;
				MTL_ENABLE_DEBUG_INFO = NO;
				MTL_FAST_MATH = YES;
				SDKROOT = iphoneos;
				SWIFT_COMPILATION_MODE = wholemodule;
				SWIFT_OPTIMIZATION_LEVEL = "-O";
				VALIDATE_PRODUCT = YES;
			};
			name = Release;
		};
		C512F4D8266BF6E40098FCB9 /* Debug */ = {
			isa = XCBuildConfiguration;
			buildSettings = {
				ASSETCATALOG_COMPILER_APPICON_NAME = AppIcon;
				ASSETCATALOG_COMPILER_GLOBAL_ACCENT_COLOR_NAME = AccentColor;
				CODE_SIGN_STYLE = Automatic;
				INFOPLIST_FILE = tipcalculator/Info.plist;
				LD_RUNPATH_SEARCH_PATHS = (
					"$(inherited)",
					"@executable_path/Frameworks",
				);
				PRODUCT_BUNDLE_IDENTIFIER = memo.com.tipcalculator;
				PRODUCT_NAME = "$(TARGET_NAME)";
				SWIFT_VERSION = 5.0;
				TARGETED_DEVICE_FAMILY = "1,2";
			};
			name = Debug;
		};
		C512F4D9266BF6E40098FCB9 /* Release */ = {
			isa = XCBuildConfiguration;
			buildSettings = {
				ASSETCATALOG_COMPILER_APPICON_NAME = AppIcon;
				ASSETCATALOG_COMPILER_GLOBAL_ACCENT_COLOR_NAME = AccentColor;
				CODE_SIGN_STYLE = Automatic;
				INFOPLIST_FILE = tipcalculator/Info.plist;
				LD_RUNPATH_SEARCH_PATHS = (
					"$(inherited)",
					"@executable_path/Frameworks",
				);
				PRODUCT_BUNDLE_IDENTIFIER = memo.com.tipcalculator;
				PRODUCT_NAME = "$(TARGET_NAME)";
				SWIFT_VERSION = 5.0;
				TARGETED_DEVICE_FAMILY = "1,2";
			};
			name = Release;
		};
		C512F4DB266BF6E40098FCB9 /* Debug */ = {
			isa = XCBuildConfiguration;
			buildSettings = {
				ALWAYS_EMBED_SWIFT_STANDARD_LIBRARIES = YES;
				BUNDLE_LOADER = "$(TEST_HOST)";
				CODE_SIGN_STYLE = Automatic;
				INFOPLIST_FILE = tipcalculatorTests/Info.plist;
				IPHONEOS_DEPLOYMENT_TARGET = 14.3;
				LD_RUNPATH_SEARCH_PATHS = (
					"$(inherited)",
					"@executable_path/Frameworks",
					"@loader_path/Frameworks",
				);
				PRODUCT_BUNDLE_IDENTIFIER = memo.com.tipcalculatorTests;
				PRODUCT_NAME = "$(TARGET_NAME)";
				SWIFT_VERSION = 5.0;
				TARGETED_DEVICE_FAMILY = "1,2";
				TEST_HOST = "$(BUILT_PRODUCTS_DIR)/tipcalculator.app/tipcalculator";
			};
			name = Debug;
		};
		C512F4DC266BF6E40098FCB9 /* Release */ = {
			isa = XCBuildConfiguration;
			buildSettings = {
				ALWAYS_EMBED_SWIFT_STANDARD_LIBRARIES = YES;
				BUNDLE_LOADER = "$(TEST_HOST)";
				CODE_SIGN_STYLE = Automatic;
				INFOPLIST_FILE = tipcalculatorTests/Info.plist;
				IPHONEOS_DEPLOYMENT_TARGET = 14.3;
				LD_RUNPATH_SEARCH_PATHS = (
					"$(inherited)",
					"@executable_path/Frameworks",
					"@loader_path/Frameworks",
				);
				PRODUCT_BUNDLE_IDENTIFIER = memo.com.tipcalculatorTests;
				PRODUCT_NAME = "$(TARGET_NAME)";
				SWIFT_VERSION = 5.0;
				TARGETED_DEVICE_FAMILY = "1,2";
				TEST_HOST = "$(BUILT_PRODUCTS_DIR)/tipcalculator.app/tipcalculator";
			};
			name = Release;
		};
		C512F4DE266BF6E40098FCB9 /* Debug */ = {
			isa = XCBuildConfiguration;
			buildSettings = {
				ALWAYS_EMBED_SWIFT_STANDARD_LIBRARIES = YES;
				CODE_SIGN_STYLE = Automatic;
				INFOPLIST_FILE = tipcalculatorUITests/Info.plist;
				LD_RUNPATH_SEARCH_PATHS = (
					"$(inherited)",
					"@executable_path/Frameworks",
					"@loader_path/Frameworks",
				);
				PRODUCT_BUNDLE_IDENTIFIER = memo.com.tipcalculatorUITests;
				PRODUCT_NAME = "$(TARGET_NAME)";
				SWIFT_VERSION = 5.0;
				TARGETED_DEVICE_FAMILY = "1,2";
				TEST_TARGET_NAME = tipcalculator;
			};
			name = Debug;
		};
		C512F4DF266BF6E40098FCB9 /* Release */ = {
			isa = XCBuildConfiguration;
			buildSettings = {
				ALWAYS_EMBED_SWIFT_STANDARD_LIBRARIES = YES;
				CODE_SIGN_STYLE = Automatic;
				INFOPLIST_FILE = tipcalculatorUITests/Info.plist;
				LD_RUNPATH_SEARCH_PATHS = (
					"$(inherited)",
					"@executable_path/Frameworks",
					"@loader_path/Frameworks",
				);
				PRODUCT_BUNDLE_IDENTIFIER = memo.com.tipcalculatorUITests;
				PRODUCT_NAME = "$(TARGET_NAME)";
				SWIFT_VERSION = 5.0;
				TARGETED_DEVICE_FAMILY = "1,2";
				TEST_TARGET_NAME = tipcalculator;
			};
			name = Release;
		};
/* End XCBuildConfiguration section */

/* Begin XCConfigurationList section */
		C512F4A8266BF6E20098FCB9 /* Build configuration list for PBXProject "tipcalculator" */ = {
			isa = XCConfigurationList;
			buildConfigurations = (
				C512F4D5266BF6E40098FCB9 /* Debug */,
				C512F4D6266BF6E40098FCB9 /* Release */,
			);
			defaultConfigurationIsVisible = 0;
			defaultConfigurationName = Release;
		};
		C512F4D7266BF6E40098FCB9 /* Build configuration list for PBXNativeTarget "tipcalculator" */ = {
			isa = XCConfigurationList;
			buildConfigurations = (
				C512F4D8266BF6E40098FCB9 /* Debug */,
				C512F4D9266BF6E40098FCB9 /* Release */,
			);
			defaultConfigurationIsVisible = 0;
			defaultConfigurationName = Release;
		};
		C512F4DA266BF6E40098FCB9 /* Build configuration list for PBXNativeTarget "tipcalculatorTests" */ = {
			isa = XCConfigurationList;
			buildConfigurations = (
				C512F4DB266BF6E40098FCB9 /* Debug */,
				C512F4DC266BF6E40098FCB9 /* Release */,
			);
			defaultConfigurationIsVisible = 0;
			defaultConfigurationName = Release;
		};
		C512F4DD266BF6E40098FCB9 /* Build configuration list for PBXNativeTarget "tipcalculatorUITests" */ = {
			isa = XCConfigurationList;
			buildConfigurations = (
				C512F4DE266BF6E40098FCB9 /* Debug */,
				C512F4DF266BF6E40098FCB9 /* Release */,
			);
			defaultConfigurationIsVisible = 0;
			defaultConfigurationName = Release;
		};
/* End XCConfigurationList section */
	};
	rootObject = C512F4A5266BF6E20098FCB9 /* Project object */;
}
